{
  "name": "tmp2",
  "version": "1.0.0",
  "lockfileVersion": 1,
  "requires": true,
  "dependencies": {
    "css-vars-ponyfill": {
      "version": "2.1.2",
      "resolved": "https://registry.npmjs.org/css-vars-ponyfill/-/css-vars-ponyfill-2.1.2.tgz",
      "integrity": "sha512-Jfff/j2AGwr+WJaIbxVroTa9sFXy9b0xe5zjWEVQ9aoeCpd0e6iOo4D+d3OoLDTWcHCf2UBTswis/hN6fKEKiA=="
    }
  }
}
